
Microsoft Visual Studio Solution File, Format Version 12.00
# Visual Studio Version 17
VisualStudioVersion = 17.5.33402.96
MinimumVisualStudioVersion = 10.0.40219.1
Project("{FAE04EC0-301F-11D3-BF4B-00C04F79EFBC}") = "TestDataGridWpf", "TestDataGridWpf\TestDataGridWpf.csproj", "{B983FA61-6E87-4DC8-BCFD-F60208AF01A3}"
EndProject
Global
	GlobalSection(SolutionConfigurationPlatforms) = preSolution
		Debug|Any CPU = Debug|Any CPU
		Release|Any CPU = Release|Any CPU
	EndGlobalSection
	GlobalSection(ProjectConfigurationPlatforms) = postSolution
		{B983FA61-6E87-4DC8-BCFD-F60208AF01A3}.Debug|Any CPU.ActiveCfg = Debug|Any CPU
		{B983FA61-6E87-4DC8-BCFD-F60208AF01A3}.Debug|Any CPU.Build.0 = Debug|Any CPU
		{B983FA61-6E87-4DC8-BCFD-F60208AF01A3}.Release|Any CPU.ActiveCfg = Release|Any CPU
		{B983FA61-6E87-4DC8-BCFD-F60208AF01A3}.Release|Any CPU.Build.0 = Release|Any CPU
	EndGlobalSection
	GlobalSection(SolutionProperties) = preSolution
		HideSolutionNode = FALSE
	EndGlobalSection
	GlobalSection(ExtensibilityGlobals) = postSolution
		SolutionGuid = {43D25149-D183-4A33-8E16-98247497DAC2}
	EndGlobalSection
EndGlobal
